<?xml version="1.0" encoding="utf-8"?>
<Project ToolsVersion="4.0" xmlns="http://schemas.microsoft.com/developer/msbuild/2003">
  <ItemGroup>
    <Filter Include="Source Files">
      <UniqueIdentifier>{4FC737F1-C7A5-4376-A066-2A32D752A2FF}</UniqueIdentifier>
      <Extensions>cpp;c;cc;cxx;def;odl;idl;hpj;bat;asm;asmx</Extensions>
    </Filter>
    <Filter Include="Header Files">
      <UniqueIdentifier>{93995380-89BD-4b04-88EB-625FBE52EBFB}</UniqueIdentifier>
      <Extensions>h;hpp;hxx;hm;inl;inc;xsd</Extensions>
    </Filter>
    <Filter Include="Resource Files">
      <UniqueIdentifier>{67DA6AB6-F800-4c08-8B7A-83BB121AAD01}</UniqueIdentifier>
      <Extensions>rc;ico;cur;bmp;dlg;rc2;rct;bin;rgs;gif;jpg;jpeg;jpe;resx;tiff;tif;png;wav;mfcribbon-ms</Extensions>
    </Filter>
    <Filter Include="Header Files\internal">
      <UniqueIdentifier>{23568d80-def3-47ae-8946-088160d2c1fa}</UniqueIdentifier>
    </Filter>
    <Filter Include="Source Files\Components">
      <UniqueIdentifier>{c81c7eba-dc0e-466b-8686-d9bb41a31781}</UniqueIdentifier>
    </Filter>
    <Filter Include="Header Files\Components">
      <UniqueIdentifier>{87487be8-9178-4479-8901-5971f090aa5d}</UniqueIdentifier>
    </Filter>
    <Filter Include="Resource Files\Shaders">
      <UniqueIdentifier>{c8bf53d1-dae1-485b-95d1-f9cded935c9d}</UniqueIdentifier>
    </Filter>
    <Filter Include="Source Files\Shaders">
      <UniqueIdentifier>{cf0c50e4-4789-4e72-817b-4d0c2150270c}</UniqueIdentifier>
    </Filter>
    <Filter Include="Header Files\Shaders">
      <UniqueIdentifier>{5057caf5-e721-49c7-aa39-2814fb2ea53f}</UniqueIdentifier>
    </Filter>
  </ItemGroup>
  <ItemGroup>
    <ClInclude Include="include\Application.h">
      <Filter>Header Files</Filter>
    </ClInclude>
    <ClInclude Include="include\internal\platform.h">
      <Filter>Header Files\internal</Filter>
    </ClInclude>
    <ClInclude Include="include\Component.h">
      <Filter>Header Files</Filter>
    </ClInclude>
    <ClInclude Include="include\GameObject.h">
      <Filter>Header Files</Filter>
    </ClInclude>
    <ClInclude Include="include\Components\Camera.h">
      <Filter>Header Files\Components</Filter>
    </ClInclude>
    <ClInclude Include="include\Components\Input.h">
      <Filter>Header Files\Components</Filter>
    </ClInclude>
    <ClInclude Include="include\Components\Transform.h">
      <Filter>Header Files\Components</Filter>
    </ClInclude>
    <ClInclude Include="include\Components\Movement.h">
      <Filter>Header Files\Components</Filter>
    </ClInclude>
    <ClInclude Include="include\Scene.h">
      <Filter>Header Files</Filter>
    </ClInclude>
    <ClInclude Include="include\Components\MeshRenderer.h">
      <Filter>Header Files\Components</Filter>
    </ClInclude>
    <ClInclude Include="\\bournemouth.ac.uk\data\Student\Home\SciTech\i7671967\GameThingy\include\Shaders\Shader.h">
      <Filter>Header Files\Shaders</Filter>
    </ClInclude>
    <ClInclude Include="\\bournemouth.ac.uk\data\Student\Home\SciTech\i7671967\GameThingy\include\Shaders\BasicShader.h">
      <Filter>Header Files\Shaders</Filter>
    </ClInclude>
    <ClInclude Include="\\bournemouth.ac.uk\data\Student\Home\SciTech\i7671967\GameThingy\include\Shaders\AdvancedShader.h">
      <Filter>Header Files\Shaders</Filter>
    </ClInclude>
    <ClInclude Include="\\bournemouth.ac.uk\data\Student\Home\SciTech\i7671967\GameThingy\include\Material.h">
      <Filter>Header Files</Filter>
    </ClInclude>
    <ClInclude Include="\\bournemouth.ac.uk\data\Student\Home\SciTech\i7671967\GameThingy\include\Mesh.h">
      <Filter>Header Files</Filter>
    </ClInclude>
    <ClInclude Include="\\bournemouth.ac.uk\data\Student\Home\SciTech\i7671967\GameThingy\include\Components\Light.h">
      <Filter>Header Files\Components</Filter>
    </ClInclude>
    <ClInclude Include="\\bournemouth.ac.uk\data\Student\Home\SciTech\i7671967\GameThingy\include\Components\RigidBody.h">
      <Filter>Header Files\Components</Filter>
    </ClInclude>
    <ClInclude Include="\\bournemouth.ac.uk\data\Student\Home\SciTech\i7671967\GameThingy\include\Components\Colider.h">
      <Filter>Header Files\Components</Filter>
    </ClInclude>
  </ItemGroup>
  <ItemGroup>
    <ClCompile Include="src\Application.cpp">
      <Filter>Source Files</Filter>
    </ClCompile>
    <ClCompile Include="src\Component.cpp">
      <Filter>Source Files</Filter>
    </ClCompile>
    <ClCompile Include="src\GameObject.cpp">
      <Filter>Source Files</Filter>
    </ClCompile>
    <ClCompile Include="src\main.cpp">
      <Filter>Source Files</Filter>
    </ClCompile>
    <ClCompile Include="src\Scene.cpp">
      <Filter>Source Files</Filter>
    </ClCompile>
    <ClCompile Include="src\Components\Camera.cpp">
      <Filter>Source Files\Components</Filter>
    </ClCompile>
    <ClCompile Include="src\Components\Input.cpp">
      <Filter>Source Files\Components</Filter>
    </ClCompile>
    <ClCompile Include="src\Components\Transform.cpp">
      <Filter>Source Files\Components</Filter>
    </ClCompile>
    <ClCompile Include="src\Components\MeshRenderer.cpp">
      <Filter>Source Files\Components</Filter>
    </ClCompile>
    <ClCompile Include="\\bournemouth.ac.uk\data\Student\Home\SciTech\i7671967\GameThingy\src\Shaders\Shader.cpp">
      <Filter>Source Files\Shaders</Filter>
    </ClCompile>
    <ClCompile Include="\\bournemouth.ac.uk\data\Student\Home\SciTech\i7671967\GameThingy\src\Shaders\BasicShader.cpp">
      <Filter>Source Files\Shaders</Filter>
    </ClCompile>
    <ClCompile Include="\\bournemouth.ac.uk\data\Student\Home\SciTech\i7671967\GameThingy\src\Mesh.cpp">
      <Filter>Source Files</Filter>
    </ClCompile>
    <ClCompile Include="\\bournemouth.ac.uk\data\Student\Home\SciTech\i7671967\GameThingy\src\Shaders\AdvancedShader.cpp">
      <Filter>Source Files\Shaders</Filter>
    </ClCompile>
    <ClCompile Include="\\bournemouth.ac.uk\data\Student\Home\SciTech\i7671967\GameThingy\src\Material.cpp">
      <Filter>Source Files</Filter>
    </ClCompile>
    <ClCompile Include="\\bournemouth.ac.uk\data\Student\Home\SciTech\i7671967\GameThingy\src\Components\Light.cpp">
      <Filter>Source Files\Components</Filter>
    </ClCompile>
    <ClCompile Include="\\bournemouth.ac.uk\data\Student\Home\SciTech\i7671967\GameThingy\src\Components\Movement.cpp">
      <Filter>Source Files\Components</Filter>
    </ClCompile>
    <ClCompile Include="\\bournemouth.ac.uk\data\Student\Home\SciTech\i7671967\GameThingy\src\Components\RigidBody.cpp">
      <Filter>Source Files\Components</Filter>
    </ClCompile>
    <ClCompile Include="\\bournemouth.ac.uk\data\Student\Home\SciTech\i7671967\GameThingy\src\Components\Colider.cpp">
      <Filter>Source Files\Components</Filter>
    </ClCompile>
  </ItemGroup>
  <ItemGroup>
    <None Include="shaders\Basic_Fragment.glsl">
      <Filter>Resource Files\Shaders</Filter>
    </None>
    <None Include="shaders\Basic_Vertex.glsl">
      <Filter>Resource Files\Shaders</Filter>
    </None>
    <None Include="shaders\Advanced_Fragment.glsl">
      <Filter>Resource Files\Shaders</Filter>
    </None>
    <None Include="shaders\Advanced_Vertex.glsl">
      <Filter>Resource Files\Shaders</Filter>
    </None>
  </ItemGroup>
</Project>